
Microsoft Visual Studio Solution File, Format Version 12.00
# Visual Studio Version 17
VisualStudioVersion = 17.7.34031.279
MinimumVisualStudioVersion = 10.0.40219.1
Project("{FAE04EC0-301F-11D3-BF4B-00C04F79EFBC}") = "PianoGames", "PianoGames\PianoGames.csproj", "{589BAA7A-5C63-4AF4-B460-0CFB138A520F}"
EndProject
Global
	GlobalSection(SolutionConfigurationPlatforms) = preSolution
		Debug|Any CPU = Debug|Any CPU
		Release|Any CPU = Release|Any CPU
	EndGlobalSection
	GlobalSection(ProjectConfigurationPlatforms) = postSolution
		{589BAA7A-5C63-4AF4-B460-0CFB138A520F}.Debug|Any CPU.ActiveCfg = Debug|Any CPU
		{589BAA7A-5C63-4AF4-B460-0CFB138A520F}.Debug|Any CPU.Build.0 = Debug|Any CPU
		{589BAA7A-5C63-4AF4-B460-0CFB138A520F}.Release|Any CPU.ActiveCfg = Release|Any CPU
		{589BAA7A-5C63-4AF4-B460-0CFB138A520F}.Release|Any CPU.Build.0 = Release|Any CPU
	EndGlobalSection
	GlobalSection(SolutionProperties) = preSolution
		HideSolutionNode = FALSE
	EndGlobalSection
	GlobalSection(ExtensibilityGlobals) = postSolution
		SolutionGuid = {8256C0DB-6662-43A7-ADA4-A570076D7DCA}
	EndGlobalSection
EndGlobal
